
Microsoft Visual Studio Solution File, Format Version 12.00
# Visual Studio Version 17
VisualStudioVersion = 17.8.34316.72
MinimumVisualStudioVersion = 10.0.40219.1
Project("{2150E333-8FDC-42A3-9474-1A3956D46DE8}") = "src", "src", "{84CD38A0-EE31-4D0B-8268-412116AA890E}"
EndProject
Project("{9A19103F-16F7-4668-BE54-9A1E7A4F7556}") = "Infrastructure", "src\Infrastructure\Infrastructure.csproj", "{74CDADB9-D6A8-40E3-8507-29F259765FD5}"
	ProjectSection(ProjectDependencies) = postProject
		{55F14273-507C-4573-90DE-72C92C786790} = {55F14273-507C-4573-90DE-72C92C786790}
	EndProjectSection
EndProject
Project("{9A19103F-16F7-4668-BE54-9A1E7A4F7556}") = "Domain", "src\Domain\Domain.csproj", "{5EF86996-BA5B-4C08-B744-DA8D58CEE4A7}"
EndProject
Project("{9A19103F-16F7-4668-BE54-9A1E7A4F7556}") = "Application", "src\Application\Application.csproj", "{55F14273-507C-4573-90DE-72C92C786790}"
	ProjectSection(ProjectDependencies) = postProject
		{5EF86996-BA5B-4C08-B744-DA8D58CEE4A7} = {5EF86996-BA5B-4C08-B744-DA8D58CEE4A7}
	EndProjectSection
EndProject
Project("{2150E333-8FDC-42A3-9474-1A3956D46DE8}") = "tests", "tests", "{F28B264A-5792-42D3-937B-5C6795E90F14}"
EndProject
Project("{9A19103F-16F7-4668-BE54-9A1E7A4F7556}") = "DBmigrations", "src\DBmigrations\DBmigrations.csproj", "{11F8E48C-A8EE-4E89-9984-361F2300AE82}"
EndProject
Project("{9A19103F-16F7-4668-BE54-9A1E7A4F7556}") = "BarkAndBuy.WebAPI", "src\BarkAndBuy.WebAPI\BarkAndBuy.WebAPI.csproj", "{4425B4E4-4342-40B2-914C-363F90F4BB68}"
EndProject
Project("{E53339B2-1760-4266-BCC7-CA923CBCF16C}") = "docker-compose", "docker-compose.dcproj", "{7C0A3229-B253-4B96-81D4-A55EF7AA1B14}"
EndProject
Global
	GlobalSection(SolutionConfigurationPlatforms) = preSolution
		Debug|Any CPU = Debug|Any CPU
		Release|Any CPU = Release|Any CPU
	EndGlobalSection
	GlobalSection(ProjectConfigurationPlatforms) = postSolution
		{74CDADB9-D6A8-40E3-8507-29F259765FD5}.Debug|Any CPU.ActiveCfg = Debug|Any CPU
		{74CDADB9-D6A8-40E3-8507-29F259765FD5}.Debug|Any CPU.Build.0 = Debug|Any CPU
		{74CDADB9-D6A8-40E3-8507-29F259765FD5}.Release|Any CPU.ActiveCfg = Release|Any CPU
		{74CDADB9-D6A8-40E3-8507-29F259765FD5}.Release|Any CPU.Build.0 = Release|Any CPU
		{5EF86996-BA5B-4C08-B744-DA8D58CEE4A7}.Debug|Any CPU.ActiveCfg = Debug|Any CPU
		{5EF86996-BA5B-4C08-B744-DA8D58CEE4A7}.Debug|Any CPU.Build.0 = Debug|Any CPU
		{5EF86996-BA5B-4C08-B744-DA8D58CEE4A7}.Release|Any CPU.ActiveCfg = Release|Any CPU
		{5EF86996-BA5B-4C08-B744-DA8D58CEE4A7}.Release|Any CPU.Build.0 = Release|Any CPU
		{55F14273-507C-4573-90DE-72C92C786790}.Debug|Any CPU.ActiveCfg = Debug|Any CPU
		{55F14273-507C-4573-90DE-72C92C786790}.Debug|Any CPU.Build.0 = Debug|Any CPU
		{55F14273-507C-4573-90DE-72C92C786790}.Release|Any CPU.ActiveCfg = Release|Any CPU
		{55F14273-507C-4573-90DE-72C92C786790}.Release|Any CPU.Build.0 = Release|Any CPU
		{11F8E48C-A8EE-4E89-9984-361F2300AE82}.Debug|Any CPU.ActiveCfg = Debug|Any CPU
		{11F8E48C-A8EE-4E89-9984-361F2300AE82}.Debug|Any CPU.Build.0 = Debug|Any CPU
		{11F8E48C-A8EE-4E89-9984-361F2300AE82}.Release|Any CPU.ActiveCfg = Release|Any CPU
		{11F8E48C-A8EE-4E89-9984-361F2300AE82}.Release|Any CPU.Build.0 = Release|Any CPU
		{4425B4E4-4342-40B2-914C-363F90F4BB68}.Debug|Any CPU.ActiveCfg = Debug|Any CPU
		{4425B4E4-4342-40B2-914C-363F90F4BB68}.Debug|Any CPU.Build.0 = Debug|Any CPU
		{4425B4E4-4342-40B2-914C-363F90F4BB68}.Release|Any CPU.ActiveCfg = Release|Any CPU
		{4425B4E4-4342-40B2-914C-363F90F4BB68}.Release|Any CPU.Build.0 = Release|Any CPU
		{7C0A3229-B253-4B96-81D4-A55EF7AA1B14}.Debug|Any CPU.ActiveCfg = Debug|Any CPU
		{7C0A3229-B253-4B96-81D4-A55EF7AA1B14}.Debug|Any CPU.Build.0 = Debug|Any CPU
		{7C0A3229-B253-4B96-81D4-A55EF7AA1B14}.Release|Any CPU.ActiveCfg = Release|Any CPU
		{7C0A3229-B253-4B96-81D4-A55EF7AA1B14}.Release|Any CPU.Build.0 = Release|Any CPU
	EndGlobalSection
	GlobalSection(SolutionProperties) = preSolution
		HideSolutionNode = FALSE
	EndGlobalSection
	GlobalSection(NestedProjects) = preSolution
		{74CDADB9-D6A8-40E3-8507-29F259765FD5} = {84CD38A0-EE31-4D0B-8268-412116AA890E}
		{5EF86996-BA5B-4C08-B744-DA8D58CEE4A7} = {84CD38A0-EE31-4D0B-8268-412116AA890E}
		{55F14273-507C-4573-90DE-72C92C786790} = {84CD38A0-EE31-4D0B-8268-412116AA890E}
		{11F8E48C-A8EE-4E89-9984-361F2300AE82} = {84CD38A0-EE31-4D0B-8268-412116AA890E}
		{4425B4E4-4342-40B2-914C-363F90F4BB68} = {84CD38A0-EE31-4D0B-8268-412116AA890E}
	EndGlobalSection
	GlobalSection(ExtensibilityGlobals) = postSolution
		SolutionGuid = {6E4D3302-C90A-469C-A76B-D9990B4200B8}
	EndGlobalSection
EndGlobal
